
Microsoft Visual Studio Solution File, Format Version 12.00
# Visual Studio Version 17
VisualStudioVersion = 17.4.33110.190
MinimumVisualStudioVersion = 10.0.40219.1
Project("{9A19103F-16F7-4668-BE54-9A1E7A4F7556}") = "EFBPWeb", "EFBPWeb\EFBPWeb.csproj", "{40CC85F3-9CEC-4130-BCB6-7836A559FB12}"
EndProject
Project("{FAE04EC0-301F-11D3-BF4B-00C04F79EFBC}") = "EFBPDataAccessLibrary", "EFBPDataAccessLibrary\EFBPDataAccessLibrary.csproj", "{A3A5B89C-8A86-4627-B449-E91E5D902D6E}"
EndProject
Global
	GlobalSection(SolutionConfigurationPlatforms) = preSolution
		Debug|Any CPU = Debug|Any CPU
		Release|Any CPU = Release|Any CPU
	EndGlobalSection
	GlobalSection(ProjectConfigurationPlatforms) = postSolution
		{40CC85F3-9CEC-4130-BCB6-7836A559FB12}.Debug|Any CPU.ActiveCfg = Debug|Any CPU
		{40CC85F3-9CEC-4130-BCB6-7836A559FB12}.Debug|Any CPU.Build.0 = Debug|Any CPU
		{40CC85F3-9CEC-4130-BCB6-7836A559FB12}.Release|Any CPU.ActiveCfg = Release|Any CPU
		{40CC85F3-9CEC-4130-BCB6-7836A559FB12}.Release|Any CPU.Build.0 = Release|Any CPU
		{A3A5B89C-8A86-4627-B449-E91E5D902D6E}.Debug|Any CPU.ActiveCfg = Debug|Any CPU
		{A3A5B89C-8A86-4627-B449-E91E5D902D6E}.Debug|Any CPU.Build.0 = Debug|Any CPU
		{A3A5B89C-8A86-4627-B449-E91E5D902D6E}.Release|Any CPU.ActiveCfg = Release|Any CPU
		{A3A5B89C-8A86-4627-B449-E91E5D902D6E}.Release|Any CPU.Build.0 = Release|Any CPU
	EndGlobalSection
	GlobalSection(SolutionProperties) = preSolution
		HideSolutionNode = FALSE
	EndGlobalSection
	GlobalSection(ExtensibilityGlobals) = postSolution
		SolutionGuid = {08E29225-8EBE-4BF9-9D11-8D30FBB8CB9E}
	EndGlobalSection
EndGlobal
